Microsoft Visual Studio Solution File, Format Version 12.00
# Visual Studio Version 17
VisualStudioVersion = 17.5.2.0
MinimumVisualStudioVersion = 10.0.40219.1
Project("{FAE04EC0-301F-11D3-BF4B-00C04F79EFBC}") = "HR.Web", "HR.Web.csproj", "{A1E35703-B519-8052-86D0-E472F8BDDFE8}"
EndProject
Global
	GlobalSection(SolutionConfigurationPlatforms) = preSolution
		Debug|Any CPU = Debug|Any CPU
		Release|Any CPU = Release|Any CPU
	EndGlobalSection
	GlobalSection(ProjectConfigurationPlatforms) = postSolution
		{A1E35703-B519-8052-86D0-E472F8BDDFE8}.Debug|Any CPU.ActiveCfg = Debug|Any CPU
		{A1E35703-B519-8052-86D0-E472F8BDDFE8}.Debug|Any CPU.Build.0 = Debug|Any CPU
		{A1E35703-B519-8052-86D0-E472F8BDDFE8}.Release|Any CPU.ActiveCfg = Release|Any CPU
		{A1E35703-B519-8052-86D0-E472F8BDDFE8}.Release|Any CPU.Build.0 = Release|Any CPU
	EndGlobalSection
	GlobalSection(SolutionProperties) = preSolution
		HideSolutionNode = FALSE
	EndGlobalSection
	GlobalSection(ExtensibilityGlobals) = postSolution
		SolutionGuid = {722EA3DA-AE08-4435-B6D6-7FE26D1AF7D1}
	EndGlobalSection
EndGlobal
